{
  "pins" : [
    {
      "identity" : "lottie-ios",
      "kind" : "remoteSourceControl",
      "location" : "https://github.com/airbnb/lottie-ios.git",
      "state" : {
        "branch" : "master",
        "revision" : "cc7b5c67189311fdaede48fcb18588d1ac1b4ff1"
      }
    }
  ],
  "version" : 2
}
